
Microsoft Visual Studio Solution File, Format Version 12.00
# Visual Studio 15
VisualStudioVersion = 15.0.27004.2002
MinimumVisualStudioVersion = 10.0.40219.1
Project("{FAE04EC0-301F-11D3-BF4B-00C04F79EFBC}") = "4DRenderingEngine", "4DRenderingEngine\4DRenderingEngine.csproj", "{D53FC65E-4D1E-45DB-8D43-D6F19B7F7F66}"
EndProject
Global
	GlobalSection(SolutionConfigurationPlatforms) = preSolution
		Debug|Any CPU = Debug|Any CPU
		Release|Any CPU = Release|Any CPU
	EndGlobalSection
	GlobalSection(ProjectConfigurationPlatforms) = postSolution
		{D53FC65E-4D1E-45DB-8D43-D6F19B7F7F66}.Debug|Any CPU.ActiveCfg = Debug|Any CPU
		{D53FC65E-4D1E-45DB-8D43-D6F19B7F7F66}.Debug|Any CPU.Build.0 = Debug|Any CPU
		{D53FC65E-4D1E-45DB-8D43-D6F19B7F7F66}.Release|Any CPU.ActiveCfg = Release|Any CPU
		{D53FC65E-4D1E-45DB-8D43-D6F19B7F7F66}.Release|Any CPU.Build.0 = Release|Any CPU
	EndGlobalSection
	GlobalSection(SolutionProperties) = preSolution
		HideSolutionNode = FALSE
	EndGlobalSection
	GlobalSection(ExtensibilityGlobals) = postSolution
		SolutionGuid = {32C7BE12-3995-44E4-BADC-7C427D38EBE5}
	EndGlobalSection
EndGlobal
